
Microsoft Visual Studio Solution File, Format Version 12.00
# Visual Studio 15
VisualStudioVersion = 15.0.26430.14
MinimumVisualStudioVersion = 10.0.40219.1
Project("{9A19103F-16F7-4668-BE54-9A1E7A4F7556}") = "EU", "EU0.0\EU.csproj", "{94A29F0A-0FB1-448D-A5DF-FEE6D9E3C941}"
	ProjectSection(ProjectDependencies) = postProject
		{0CFD3F71-8AB8-493C-973A-2A947A53383E} = {0CFD3F71-8AB8-493C-973A-2A947A53383E}
		{A722DDF3-B55E-41DC-A2A6-096CAA4CAEB4} = {A722DDF3-B55E-41DC-A2A6-096CAA4CAEB4}
	EndProjectSection
EndProject
Project("{FAE04EC0-301F-11D3-BF4B-00C04F79EFBC}") = "FormViewer", "FromViewer0.0\FormViewer.csproj", "{A722DDF3-B55E-41DC-A2A6-096CAA4CAEB4}"
EndProject
Project("{FAE04EC0-301F-11D3-BF4B-00C04F79EFBC}") = "WpfViewer", "WpfViewer\WpfViewer.csproj", "{0CFD3F71-8AB8-493C-973A-2A947A53383E}"
EndProject
Project("{FAE04EC0-301F-11D3-BF4B-00C04F79EFBC}") = "MapBuilder", "MapBuilder\MapBuilder.csproj", "{B51159F6-FB3E-4594-97B5-0EAB4BCAC096}"
EndProject
Project("{FAE04EC0-301F-11D3-BF4B-00C04F79EFBC}") = "ConsoleViewer", "ConsoleViewer\ConsoleViewer.csproj", "{1F7FBFAD-B494-4980-9517-42EEB0D67740}"
EndProject
Project("{2150E333-8FDC-42A3-9474-1A3956D46DE8}") = "Viewers", "Viewers", "{A50BDA10-25C3-4973-83FF-5BF5CEB34754}"
EndProject
Project("{2150E333-8FDC-42A3-9474-1A3956D46DE8}") = "Map", "Map", "{AB216040-D3AB-4C87-8980-75DD27EF03DC}"
EndProject
Project("{2150E333-8FDC-42A3-9474-1A3956D46DE8}") = "Side utilities", "Side utilities", "{8106F0EF-4098-452A-B588-EF140299EE0E}"
EndProject
Project("{FAE04EC0-301F-11D3-BF4B-00C04F79EFBC}") = "Superbest random", "Superbest-superbest-random-f067e1dc014c\Superbest random\Superbest random.csproj", "{1C27EE69-A83C-4073-ACE8-E55AD8214831}"
EndProject
Project("{FAE04EC0-301F-11D3-BF4B-00C04F79EFBC}") = "test", "test\test.csproj", "{E80CAC70-55FF-4E28-8BA7-8CD43CFC0441}"
EndProject
Project("{FAE04EC0-301F-11D3-BF4B-00C04F79EFBC}") = "TerrainGeneration", "TerrainGeneration\TerrainGeneration.csproj", "{CE723298-691B-41F4-83CD-CE01404EC085}"
EndProject
Project("{2150E333-8FDC-42A3-9474-1A3956D46DE8}") = "Mechanics", "Mechanics", "{4F1F5FEC-D9D4-432B-AD19-C23CF6A9A471}"
EndProject
Project("{FAE04EC0-301F-11D3-BF4B-00C04F79EFBC}") = "DiceWars", "DiceWars\DiceWars.csproj", "{A5FAED13-28AB-4A79-A6AC-052EE0A57ACB}"
EndProject
Global
	GlobalSection(SolutionConfigurationPlatforms) = preSolution
		Debug|Any CPU = Debug|Any CPU
		Release|Any CPU = Release|Any CPU
	EndGlobalSection
	GlobalSection(ProjectConfigurationPlatforms) = postSolution
		{94A29F0A-0FB1-448D-A5DF-FEE6D9E3C941}.Debug|Any CPU.ActiveCfg = Debug|Any CPU
		{94A29F0A-0FB1-448D-A5DF-FEE6D9E3C941}.Debug|Any CPU.Build.0 = Debug|Any CPU
		{94A29F0A-0FB1-448D-A5DF-FEE6D9E3C941}.Release|Any CPU.ActiveCfg = Release|Any CPU
		{94A29F0A-0FB1-448D-A5DF-FEE6D9E3C941}.Release|Any CPU.Build.0 = Release|Any CPU
		{A722DDF3-B55E-41DC-A2A6-096CAA4CAEB4}.Debug|Any CPU.ActiveCfg = Debug|Any CPU
		{A722DDF3-B55E-41DC-A2A6-096CAA4CAEB4}.Debug|Any CPU.Build.0 = Debug|Any CPU
		{A722DDF3-B55E-41DC-A2A6-096CAA4CAEB4}.Release|Any CPU.ActiveCfg = Release|Any CPU
		{A722DDF3-B55E-41DC-A2A6-096CAA4CAEB4}.Release|Any CPU.Build.0 = Release|Any CPU
		{0CFD3F71-8AB8-493C-973A-2A947A53383E}.Debug|Any CPU.ActiveCfg = Debug|Any CPU
		{0CFD3F71-8AB8-493C-973A-2A947A53383E}.Debug|Any CPU.Build.0 = Debug|Any CPU
		{0CFD3F71-8AB8-493C-973A-2A947A53383E}.Release|Any CPU.ActiveCfg = Release|Any CPU
		{0CFD3F71-8AB8-493C-973A-2A947A53383E}.Release|Any CPU.Build.0 = Release|Any CPU
		{B51159F6-FB3E-4594-97B5-0EAB4BCAC096}.Debug|Any CPU.ActiveCfg = Debug|Any CPU
		{B51159F6-FB3E-4594-97B5-0EAB4BCAC096}.Debug|Any CPU.Build.0 = Debug|Any CPU
		{B51159F6-FB3E-4594-97B5-0EAB4BCAC096}.Release|Any CPU.ActiveCfg = Release|Any CPU
		{B51159F6-FB3E-4594-97B5-0EAB4BCAC096}.Release|Any CPU.Build.0 = Release|Any CPU
		{1F7FBFAD-B494-4980-9517-42EEB0D67740}.Debug|Any CPU.ActiveCfg = Debug|Any CPU
		{1F7FBFAD-B494-4980-9517-42EEB0D67740}.Debug|Any CPU.Build.0 = Debug|Any CPU
		{1F7FBFAD-B494-4980-9517-42EEB0D67740}.Release|Any CPU.ActiveCfg = Release|Any CPU
		{1F7FBFAD-B494-4980-9517-42EEB0D67740}.Release|Any CPU.Build.0 = Release|Any CPU
		{1C27EE69-A83C-4073-ACE8-E55AD8214831}.Debug|Any CPU.ActiveCfg = Debug|Any CPU
		{1C27EE69-A83C-4073-ACE8-E55AD8214831}.Debug|Any CPU.Build.0 = Debug|Any CPU
		{1C27EE69-A83C-4073-ACE8-E55AD8214831}.Release|Any CPU.ActiveCfg = Release|Any CPU
		{1C27EE69-A83C-4073-ACE8-E55AD8214831}.Release|Any CPU.Build.0 = Release|Any CPU
		{E80CAC70-55FF-4E28-8BA7-8CD43CFC0441}.Debug|Any CPU.ActiveCfg = Debug|Any CPU
		{E80CAC70-55FF-4E28-8BA7-8CD43CFC0441}.Debug|Any CPU.Build.0 = Debug|Any CPU
		{E80CAC70-55FF-4E28-8BA7-8CD43CFC0441}.Release|Any CPU.ActiveCfg = Release|Any CPU
		{E80CAC70-55FF-4E28-8BA7-8CD43CFC0441}.Release|Any CPU.Build.0 = Release|Any CPU
		{CE723298-691B-41F4-83CD-CE01404EC085}.Debug|Any CPU.ActiveCfg = Debug|Any CPU
		{CE723298-691B-41F4-83CD-CE01404EC085}.Debug|Any CPU.Build.0 = Debug|Any CPU
		{CE723298-691B-41F4-83CD-CE01404EC085}.Release|Any CPU.ActiveCfg = Release|Any CPU
		{CE723298-691B-41F4-83CD-CE01404EC085}.Release|Any CPU.Build.0 = Release|Any CPU
		{A5FAED13-28AB-4A79-A6AC-052EE0A57ACB}.Debug|Any CPU.ActiveCfg = Debug|Any CPU
		{A5FAED13-28AB-4A79-A6AC-052EE0A57ACB}.Debug|Any CPU.Build.0 = Debug|Any CPU
		{A5FAED13-28AB-4A79-A6AC-052EE0A57ACB}.Release|Any CPU.ActiveCfg = Release|Any CPU
		{A5FAED13-28AB-4A79-A6AC-052EE0A57ACB}.Release|Any CPU.Build.0 = Release|Any CPU
	EndGlobalSection
	GlobalSection(SolutionProperties) = preSolution
		HideSolutionNode = FALSE
	EndGlobalSection
	GlobalSection(NestedProjects) = preSolution
		{A722DDF3-B55E-41DC-A2A6-096CAA4CAEB4} = {A50BDA10-25C3-4973-83FF-5BF5CEB34754}
		{0CFD3F71-8AB8-493C-973A-2A947A53383E} = {A50BDA10-25C3-4973-83FF-5BF5CEB34754}
		{B51159F6-FB3E-4594-97B5-0EAB4BCAC096} = {AB216040-D3AB-4C87-8980-75DD27EF03DC}
		{1F7FBFAD-B494-4980-9517-42EEB0D67740} = {A50BDA10-25C3-4973-83FF-5BF5CEB34754}
		{1C27EE69-A83C-4073-ACE8-E55AD8214831} = {8106F0EF-4098-452A-B588-EF140299EE0E}
		{E80CAC70-55FF-4E28-8BA7-8CD43CFC0441} = {AB216040-D3AB-4C87-8980-75DD27EF03DC}
		{CE723298-691B-41F4-83CD-CE01404EC085} = {AB216040-D3AB-4C87-8980-75DD27EF03DC}
		{A5FAED13-28AB-4A79-A6AC-052EE0A57ACB} = {4F1F5FEC-D9D4-432B-AD19-C23CF6A9A471}
	EndGlobalSection
EndGlobal
